# THIS IS AN AUTOGENERATED FILE. DO NOT EDIT THIS FILE DIRECTLY.
# yarn lockfile v1


"@permaweb/ao-loader@^0.0.35":
  version "0.0.35"
  resolved "https://registry.yarnpkg.com/@permaweb/ao-loader/-/ao-loader-0.0.35.tgz#b525f70f3fda620148b245b8b6872c3d500348aa"
  integrity sha512-vgDs2PYJqiKYnEVHYccP5VOjc+YkcinYW8YQa53fxYzy4D/KEWwiMnocz3zNb7L+6dKNT6EghHft7xMcs01WMQ==
